
Microsoft Visual Studio Solution File, Format Version 12.00
# Visual Studio 15
VisualStudioVersion = 15.0.28307.1705
MinimumVisualStudioVersion = 10.0.40219.1
Project("{8BC9CEB8-8B4A-11D0-8D11-00A0C91BC942}") = "A5", "A5.vcxproj", "{925C4047-5227-4D65-B4AF-37C4AB6EEB93}"
EndProject
Global
	GlobalSection(SolutionConfigurationPlatforms) = preSolution
		Debug|x64 = Debug|x64
		Debug|x86 = Debug|x86
		Release|x64 = Release|x64
		Release|x86 = Release|x86
	EndGlobalSection
	GlobalSection(ProjectConfigurationPlatforms) = postSolution
		{925C4047-5227-4D65-B4AF-37C4AB6EEB93}.Debug|x64.ActiveCfg = Debug|x64
		{925C4047-5227-4D65-B4AF-37C4AB6EEB93}.Debug|x64.Build.0 = Debug|x64
		{925C4047-5227-4D65-B4AF-37C4AB6EEB93}.Debug|x86.ActiveCfg = Debug|Win32
		{925C4047-5227-4D65-B4AF-37C4AB6EEB93}.Debug|x86.Build.0 = Debug|Win32
		{925C4047-5227-4D65-B4AF-37C4AB6EEB93}.Release|x64.ActiveCfg = Release|x64
		{925C4047-5227-4D65-B4AF-37C4AB6EEB93}.Release|x64.Build.0 = Release|x64
		{925C4047-5227-4D65-B4AF-37C4AB6EEB93}.Release|x86.ActiveCfg = Release|Win32
		{925C4047-5227-4D65-B4AF-37C4AB6EEB93}.Release|x86.Build.0 = Release|Win32
	EndGlobalSection
	GlobalSection(SolutionProperties) = preSolution
		HideSolutionNode = FALSE
	EndGlobalSection
	GlobalSection(ExtensibilityGlobals) = postSolution
		SolutionGuid = {8B622458-A818-4351-B2B8-1EE59B39AC27}
	EndGlobalSection
EndGlobal
